
Microsoft Visual Studio Solution File, Format Version 12.00
# Visual Studio Version 17
VisualStudioVersion = 17.1.32210.238
MinimumVisualStudioVersion = 10.0.40219.1
Project("{FAE04EC0-301F-11D3-BF4B-00C04F79EFBC}") = "Xisaabiye", "Xisaabiye.csproj", "{A3EF0BC4-9BCD-4656-818C-209B1DF5F3C1}"
EndProject
Global
	GlobalSection(SolutionConfigurationPlatforms) = preSolution
		Debug|Any CPU = Debug|Any CPU
		Release|Any CPU = Release|Any CPU
	EndGlobalSection
	GlobalSection(ProjectConfigurationPlatforms) = postSolution
		{A3EF0BC4-9BCD-4656-818C-209B1DF5F3C1}.Debug|Any CPU.ActiveCfg = Debug|Any CPU
		{A3EF0BC4-9BCD-4656-818C-209B1DF5F3C1}.Debug|Any CPU.Build.0 = Debug|Any CPU
		{A3EF0BC4-9BCD-4656-818C-209B1DF5F3C1}.Release|Any CPU.ActiveCfg = Release|Any CPU
		{A3EF0BC4-9BCD-4656-818C-209B1DF5F3C1}.Release|Any CPU.Build.0 = Release|Any CPU
	EndGlobalSection
	GlobalSection(SolutionProperties) = preSolution
		HideSolutionNode = FALSE
	EndGlobalSection
	GlobalSection(ExtensibilityGlobals) = postSolution
		SolutionGuid = {D71CAA06-6784-4E40-9D75-9BF092071F0B}
	EndGlobalSection
EndGlobal
